// !$*UTF8*$!
{
	archiveVersion = 1;
	classes = {
	};
	objectVersion = 50;
	objects = {

/* Begin PBXBuildFile section */
		4A85328F2759776B000B57DC /* OOTD.swift in Sources */ = {isa = PBXBuildFile; fileRef = 4A85328E2759776B000B57DC /* OOTD.swift */; };
		4A8532902759776B000B57DC /* OOTD.swift in Sources */ = {isa = PBXBuildFile; fileRef = 4A85328E2759776B000B57DC /* OOTD.swift */; };
		4A85329227597889000B57DC /* MyCloset.swift in Sources */ = {isa = PBXBuildFile; fileRef = 4A85329127597889000B57DC /* MyCloset.swift */; };
		4A85329327597889000B57DC /* MyCloset.swift in Sources */ = {isa = PBXBuildFile; fileRef = 4A85329127597889000B57DC /* MyCloset.swift */; };
		4A853295275978DE000B57DC /* Forecast.swift in Sources */ = {isa = PBXBuildFile; fileRef = 4A853294275978DE000B57DC /* Forecast.swift */; };
		4A853296275978DE000B57DC /* Forecast.swift in Sources */ = {isa = PBXBuildFile; fileRef = 4A853294275978DE000B57DC /* Forecast.swift */; };
		4AF6CFE4274ACE660027C6D7 /* Tests_iOS.swift in Sources */ = {isa = PBXBuildFile; fileRef = 4AF6CFE3274ACE660027C6D7 /* Tests_iOS.swift */; };
		4AF6CFEF274ACE660027C6D7 /* Tests_macOS.swift in Sources */ = {isa = PBXBuildFile; fileRef = 4AF6CFEE274ACE660027C6D7 /* Tests_macOS.swift */; };
		4AF6CFF1274ACE660027C6D7 /* WeatherApp_TangYuApp.swift in Sources */ = {isa = PBXBuildFile; fileRef = 4AF6CFC8274ACE620027C6D7 /* WeatherApp_TangYuApp.swift */; };
		4AF6CFF2274ACE660027C6D7 /* WeatherApp_TangYuApp.swift in Sources */ = {isa = PBXBuildFile; fileRef = 4AF6CFC8274ACE620027C6D7 /* WeatherApp_TangYuApp.swift */; };
		4AF6CFF3274ACE660027C6D7 /* ContentView.swift in Sources */ = {isa = PBXBuildFile; fileRef = 4AF6CFC9274ACE620027C6D7 /* ContentView.swift */; };
		4AF6CFF4274ACE660027C6D7 /* ContentView.swift in Sources */ = {isa = PBXBuildFile; fileRef = 4AF6CFC9274ACE620027C6D7 /* ContentView.swift */; };
		4AF6CFF5274ACE660027C6D7 /* Assets.xcassets in Resources */ = {isa = PBXBuildFile; fileRef = 4AF6CFCA274ACE660027C6D7 /* Assets.xcassets */; };
		4AF6CFF6274ACE660027C6D7 /* Assets.xcassets in Resources */ = {isa = PBXBuildFile; fileRef = 4AF6CFCA274ACE660027C6D7 /* Assets.xcassets */; };
		8AAD68DC2754749D00C11383 /* ViewModels.swift in Sources */ = {isa = PBXBuildFile; fileRef = 8AAD68DB2754749D00C11383 /* ViewModels.swift */; };
		8AAD68DD2754749D00C11383 /* ViewModels.swift in Sources */ = {isa = PBXBuildFile; fileRef = 8AAD68DB2754749D00C11383 /* ViewModels.swift */; };
		8AAD68DF275474B800C11383 /* Models.swift in Sources */ = {isa = PBXBuildFile; fileRef = 8AAD68DE275474B800C11383 /* Models.swift */; };
		8AAD68E0275474B800C11383 /* Models.swift in Sources */ = {isa = PBXBuildFile; fileRef = 8AAD68DE275474B800C11383 /* Models.swift */; };
		8AADD54B275DB75E00CA39C5 /* ClothingData.json in Resources */ = {isa = PBXBuildFile; fileRef = 8AADD54A275DB75E00CA39C5 /* ClothingData.json */; };
		8AADD54C275DB75E00CA39C5 /* ClothingData.json in Resources */ = {isa = PBXBuildFile; fileRef = 8AADD54A275DB75E00CA39C5 /* ClothingData.json */; };
/* End PBXBuildFile section */

/* Begin PBXContainerItemProxy section */
		4AF6CFE0274ACE660027C6D7 /* PBXContainerItemProxy */ = {
			isa = PBXContainerItemProxy;
			containerPortal = 4AF6CFC3274ACE620027C6D7 /* Project object */;
			proxyType = 1;
			remoteGlobalIDString = 4AF6CFCE274ACE660027C6D7;
			remoteInfo = "WeatherApp_TangYu (iOS)";
		};
		4AF6CFEB274ACE660027C6D7 /* PBXContainerItemProxy */ = {
			isa = PBXContainerItemProxy;
			containerPortal = 4AF6CFC3274ACE620027C6D7 /* Project object */;
			proxyType = 1;
			remoteGlobalIDString = 4AF6CFD6274ACE660027C6D7;
			remoteInfo = "WeatherApp_TangYu (macOS)";
		};
/* End PBXContainerItemProxy section */

/* Begin PBXFileReference section */
		4A85328E2759776B000B57DC /* OOTD.swift */ = {isa = PBXFileReference; lastKnownFileType = sourcecode.swift; path = OOTD.swift; sourceTree = "<group>"; };
		4A85329127597889000B57DC /* MyCloset.swift */ = {isa = PBXFileReference; lastKnownFileType = sourcecode.swift; path = MyCloset.swift; sourceTree = "<group>"; };
		4A853294275978DE000B57DC /* Forecast.swift */ = {isa = PBXFileReference; lastKnownFileType = sourcecode.swift; path = Forecast.swift; sourceTree = "<group>"; };
		4AF6CFC8274ACE620027C6D7 /* WeatherApp_TangYuApp.swift */ = {isa = PBXFileReference; lastKnownFileType = sourcecode.swift; path = WeatherApp_TangYuApp.swift; sourceTree = "<group>"; };
		4AF6CFC9274ACE620027C6D7 /* ContentView.swift */ = {isa = PBXFileReference; lastKnownFileType = sourcecode.swift; path = ContentView.swift; sourceTree = "<group>"; };
		4AF6CFCA274ACE660027C6D7 /* Assets.xcassets */ = {isa = PBXFileReference; lastKnownFileType = folder.assetcatalog; path = Assets.xcassets; sourceTree = "<group>"; };
		4AF6CFCF274ACE660027C6D7 /* WeatherApp_TangYu.app */ = {isa = PBXFileReference; explicitFileType = wrapper.application; includeInIndex = 0; path = WeatherApp_TangYu.app; sourceTree = BUILT_PRODUCTS_DIR; };
		4AF6CFD2274ACE660027C6D7 /* Info.plist */ = {isa = PBXFileReference; lastKnownFileType = text.plist.xml; path = Info.plist; sourceTree = "<group>"; };
		4AF6CFD7274ACE660027C6D7 /* WeatherApp_TangYu.app */ = {isa = PBXFileReference; explicitFileType = wrapper.application; includeInIndex = 0; path = WeatherApp_TangYu.app; sourceTree = BUILT_PRODUCTS_DIR; };
		4AF6CFD9274ACE660027C6D7 /* Info.plist */ = {isa = PBXFileReference; lastKnownFileType = text.plist.xml; path = Info.plist; sourceTree = "<group>"; };
		4AF6CFDA274ACE660027C6D7 /* macOS.entitlements */ = {isa = PBXFileReference; lastKnownFileType = text.plist.entitlements; path = macOS.entitlements; sourceTree = "<group>"; };
		4AF6CFDF274ACE660027C6D7 /* Tests iOS.xctest */ = {isa = PBXFileReference; explicitFileType = wrapper.cfbundle; includeInIndex = 0; path = "Tests iOS.xctest"; sourceTree = BUILT_PRODUCTS_DIR; };
		4AF6CFE3274ACE660027C6D7 /* Tests_iOS.swift */ = {isa = PBXFileReference; lastKnownFileType = sourcecode.swift; path = Tests_iOS.swift; sourceTree = "<group>"; };
		4AF6CFE5274ACE660027C6D7 /* Info.plist */ = {isa = PBXFileReference; lastKnownFileType = text.plist.xml; path = Info.plist; sourceTree = "<group>"; };
		4AF6CFEA274ACE660027C6D7 /* Tests macOS.xctest */ = {isa = PBXFileReference; explicitFileType = wrapper.cfbundle; includeInIndex = 0; path = "Tests macOS.xctest"; sourceTree = BUILT_PRODUCTS_DIR; };
		4AF6CFEE274ACE660027C6D7 /* Tests_macOS.swift */ = {isa = PBXFileReference; lastKnownFileType = sourcecode.swift; path = Tests_macOS.swift; sourceTree = "<group>"; };
		4AF6CFF0274ACE660027C6D7 /* Info.plist */ = {isa = PBXFileReference; lastKnownFileType = text.plist.xml; path = Info.plist; sourceTree = "<group>"; };
		8AAD68DB2754749D00C11383 /* ViewModels.swift */ = {isa = PBXFileReference; lastKnownFileType = sourcecode.swift; path = ViewModels.swift; sourceTree = "<group>"; };
		8AAD68DE275474B800C11383 /* Models.swift */ = {isa = PBXFileReference; lastKnownFileType = sourcecode.swift; path = Models.swift; sourceTree = "<group>"; };
		8AADD54A275DB75E00CA39C5 /* ClothingData.json */ = {isa = PBXFileReference; fileEncoding = 4; lastKnownFileType = text.json; path = ClothingData.json; sourceTree = "<group>"; };
/* End PBXFileReference section */

/* Begin PBXFrameworksBuildPhase section */
		4AF6CFCC274ACE660027C6D7 /* Frameworks */ = {
			isa = PBXFrameworksBuildPhase;
			buildActionMask = 2147483647;
			files = (
			);
			runOnlyForDeploymentPostprocessing = 0;
		};
		4AF6CFD4274ACE660027C6D7 /* Frameworks */ = {
			isa = PBXFrameworksBuildPhase;
			buildActionMask = 2147483647;
			files = (
			);
			runOnlyForDeploymentPostprocessing = 0;
		};
		4AF6CFDC274ACE660027C6D7 /* Frameworks */ = {
			isa = PBXFrameworksBuildPhase;
			buildActionMask = 2147483647;
			files = (
			);
			runOnlyForDeploymentPostprocessing = 0;
		};
		4AF6CFE7274ACE660027C6D7 /* Frameworks */ = {
			isa = PBXFrameworksBuildPhase;
			buildActionMask = 2147483647;
			files = (
			);
			runOnlyForDeploymentPostprocessing = 0;
		};
/* End PBXFrameworksBuildPhase section */

/* Begin PBXGroup section */
		4AF6CFC2274ACE620027C6D7 = {
			isa = PBXGroup;
			children = (
				4AF6CFC7274ACE620027C6D7 /* Shared */,
				4AF6CFD1274ACE660027C6D7 /* iOS */,
				4AF6CFD8274ACE660027C6D7 /* macOS */,
				4AF6CFE2274ACE660027C6D7 /* Tests iOS */,
				4AF6CFED274ACE660027C6D7 /* Tests macOS */,
				4AF6CFD0274ACE660027C6D7 /* Products */,
			);
			sourceTree = "<group>";
		};
		4AF6CFC7274ACE620027C6D7 /* Shared */ = {
			isa = PBXGroup;
			children = (
				4AF6CFC8274ACE620027C6D7 /* WeatherApp_TangYuApp.swift */,
				4AF6CFC9274ACE620027C6D7 /* ContentView.swift */,
				4A853294275978DE000B57DC /* Forecast.swift */,
				4A85329127597889000B57DC /* MyCloset.swift */,
				4A85328E2759776B000B57DC /* OOTD.swift */,
				8AAD68DE275474B800C11383 /* Models.swift */,
				8AAD68DB2754749D00C11383 /* ViewModels.swift */,
				4AF6CFCA274ACE660027C6D7 /* Assets.xcassets */,
				8AADD54A275DB75E00CA39C5 /* ClothingData.json */,
			);
			path = Shared;
			sourceTree = "<group>";
		};
		4AF6CFD0274ACE660027C6D7 /* Products */ = {
			isa = PBXGroup;
			children = (
				4AF6CFCF274ACE660027C6D7 /* WeatherApp_TangYu.app */,
				4AF6CFD7274ACE660027C6D7 /* WeatherApp_TangYu.app */,
				4AF6CFDF274ACE660027C6D7 /* Tests iOS.xctest */,
				4AF6CFEA274ACE660027C6D7 /* Tests macOS.xctest */,
			);
			name = Products;
			sourceTree = "<group>";
		};
		4AF6CFD1274ACE660027C6D7 /* iOS */ = {
			isa = PBXGroup;
			children = (
				4AF6CFD2274ACE660027C6D7 /* Info.plist */,
			);
			path = iOS;
			sourceTree = "<group>";
		};
		4AF6CFD8274ACE660027C6D7 /* macOS */ = {
			isa = PBXGroup;
			children = (
				4AF6CFD9274ACE660027C6D7 /* Info.plist */,
				4AF6CFDA274ACE660027C6D7 /* macOS.entitlements */,
			);
			path = macOS;
			sourceTree = "<group>";
		};
		4AF6CFE2274ACE660027C6D7 /* Tests iOS */ = {
			isa = PBXGroup;
			children = (
				4AF6CFE3274ACE660027C6D7 /* Tests_iOS.swift */,
				4AF6CFE5274ACE660027C6D7 /* Info.plist */,
			);
			path = "Tests iOS";
			sourceTree = "<group>";
		};
		4AF6CFED274ACE660027C6D7 /* Tests macOS */ = {
			isa = PBXGroup;
			children = (
				4AF6CFEE274ACE660027C6D7 /* Tests_macOS.swift */,
				4AF6CFF0274ACE660027C6D7 /* Info.plist */,
			);
			path = "Tests macOS";
			sourceTree = "<group>";
		};
/* End PBXGroup section */

/* Begin PBXNativeTarget section */
		4AF6CFCE274ACE660027C6D7 /* WeatherApp_TangYu (iOS) */ = {
			isa = PBXNativeTarget;
			buildConfigurationList = 4AF6CFF9274ACE660027C6D7 /* Build configuration list for PBXNativeTarget "WeatherApp_TangYu (iOS)" */;
			buildPhases = (
				4AF6CFCB274ACE660027C6D7 /* Sources */,
				4AF6CFCC274ACE660027C6D7 /* Frameworks */,
				4AF6CFCD274ACE660027C6D7 /* Resources */,
			);
			buildRules = (
			);
			dependencies = (
			);
			name = "WeatherApp_TangYu (iOS)";
			productName = "WeatherApp_TangYu (iOS)";
			productReference = 4AF6CFCF274ACE660027C6D7 /* WeatherApp_TangYu.app */;
			productType = "com.apple.product-type.application";
		};
		4AF6CFD6274ACE660027C6D7 /* WeatherApp_TangYu (macOS) */ = {
			isa = PBXNativeTarget;
			buildConfigurationList = 4AF6CFFC274ACE660027C6D7 /* Build configuration list for PBXNativeTarget "WeatherApp_TangYu (macOS)" */;
			buildPhases = (
				4AF6CFD3274ACE660027C6D7 /* Sources */,
				4AF6CFD4274ACE660027C6D7 /* Frameworks */,
				4AF6CFD5274ACE660027C6D7 /* Resources */,
			);
			buildRules = (
			);
			dependencies = (
			);
			name = "WeatherApp_TangYu (macOS)";
			productName = "WeatherApp_TangYu (macOS)";
			productReference = 4AF6CFD7274ACE660027C6D7 /* WeatherApp_TangYu.app */;
			productType = "com.apple.product-type.application";
		};
		4AF6CFDE274ACE660027C6D7 /* Tests iOS */ = {
			isa = PBXNativeTarget;
			buildConfigurationList = 4AF6CFFF274ACE660027C6D7 /* Build configuration list for PBXNativeTarget "Tests iOS" */;
			buildPhases = (
				4AF6CFDB274ACE660027C6D7 /* Sources */,
				4AF6CFDC274ACE660027C6D7 /* Frameworks */,
				4AF6CFDD274ACE660027C6D7 /* Resources */,
			);
			buildRules = (
			);
			dependencies = (
				4AF6CFE1274ACE660027C6D7 /* PBXTargetDependency */,
			);
			name = "Tests iOS";
			productName = "Tests iOS";
			productReference = 4AF6CFDF274ACE660027C6D7 /* Tests iOS.xctest */;
			productType = "com.apple.product-type.bundle.ui-testing";
		};
		4AF6CFE9274ACE660027C6D7 /* Tests macOS */ = {
			isa = PBXNativeTarget;
			buildConfigurationList = 4AF6D002274ACE660027C6D7 /* Build configuration list for PBXNativeTarget "Tests macOS" */;
			buildPhases = (
				4AF6CFE6274ACE660027C6D7 /* Sources */,
				4AF6CFE7274ACE660027C6D7 /* Frameworks */,
				4AF6CFE8274ACE660027C6D7 /* Resources */,
			);
			buildRules = (
			);
			dependencies = (
				4AF6CFEC274ACE660027C6D7 /* PBXTargetDependency */,
			);
			name = "Tests macOS";
			productName = "Tests macOS";
			productReference = 4AF6CFEA274ACE660027C6D7 /* Tests macOS.xctest */;
			productType = "com.apple.product-type.bundle.ui-testing";
		};
/* End PBXNativeTarget section */

/* Begin PBXProject section */
		4AF6CFC3274ACE620027C6D7 /* Project object */ = {
			isa = PBXProject;
			attributes = {
				LastSwiftUpdateCheck = 1250;
				LastUpgradeCheck = 1250;
				TargetAttributes = {
					4AF6CFCE274ACE660027C6D7 = {
						CreatedOnToolsVersion = 12.5.1;
					};
					4AF6CFD6274ACE660027C6D7 = {
						CreatedOnToolsVersion = 12.5.1;
					};
					4AF6CFDE274ACE660027C6D7 = {
						CreatedOnToolsVersion = 12.5.1;
						TestTargetID = 4AF6CFCE274ACE660027C6D7;
					};
					4AF6CFE9274ACE660027C6D7 = {
						CreatedOnToolsVersion = 12.5.1;
						TestTargetID = 4AF6CFD6274ACE660027C6D7;
					};
				};
			};
			buildConfigurationList = 4AF6CFC6274ACE620027C6D7 /* Build configuration list for PBXProject "WeatherApp_TangYu" */;
			compatibilityVersion = "Xcode 9.3";
			developmentRegion = en;
			hasScannedForEncodings = 0;
			knownRegions = (
				en,
				Base,
			);
			mainGroup = 4AF6CFC2274ACE620027C6D7;
			productRefGroup = 4AF6CFD0274ACE660027C6D7 /* Products */;
			projectDirPath = "";
			projectRoot = "";
			targets = (
				4AF6CFCE274ACE660027C6D7 /* WeatherApp_TangYu (iOS) */,
				4AF6CFD6274ACE660027C6D7 /* WeatherApp_TangYu (macOS) */,
				4AF6CFDE274ACE660027C6D7 /* Tests iOS */,
				4AF6CFE9274ACE660027C6D7 /* Tests macOS */,
			);
		};
/* End PBXProject section */

/* Begin PBXResourcesBuildPhase section */
		4AF6CFCD274ACE660027C6D7 /* Resources */ = {
			isa = PBXResourcesBuildPhase;
			buildActionMask = 2147483647;
			files = (
				4AF6CFF5274ACE660027C6D7 /* Assets.xcassets in Resources */,
				8AADD54B275DB75E00CA39C5 /* ClothingData.json in Resources */,
			);
			runOnlyForDeploymentPostprocessing = 0;
		};
		4AF6CFD5274ACE660027C6D7 /* Resources */ = {
			isa = PBXResourcesBuildPhase;
			buildActionMask = 2147483647;
			files = (
				4AF6CFF6274ACE660027C6D7 /* Assets.xcassets in Resources */,
				8AADD54C275DB75E00CA39C5 /* ClothingData.json in Resources */,
			);
			runOnlyForDeploymentPostprocessing = 0;
		};
		4AF6CFDD274ACE660027C6D7 /* Resources */ = {
			isa = PBXResourcesBuildPhase;
			buildActionMask = 2147483647;
			files = (
			);
			runOnlyForDeploymentPostprocessing = 0;
		};
		4AF6CFE8274ACE660027C6D7 /* Resources */ = {
			isa = PBXResourcesBuildPhase;
			buildActionMask = 2147483647;
			files = (
			);
			runOnlyForDeploymentPostprocessing = 0;
		};
/* End PBXResourcesBuildPhase section */

/* Begin PBXSourcesBuildPhase section */
		4AF6CFCB274ACE660027C6D7 /* Sources */ = {
			isa = PBXSourcesBuildPhase;
			buildActionMask = 2147483647;
			files = (
				4A85328F2759776B000B57DC /* OOTD.swift in Sources */,
				4AF6CFF3274ACE660027C6D7 /* ContentView.swift in Sources */,
				4A853295275978DE000B57DC /* Forecast.swift in Sources */,
				8AAD68DC2754749D00C11383 /* ViewModels.swift in Sources */,
				4A85329227597889000B57DC /* MyCloset.swift in Sources */,
				4AF6CFF1274ACE660027C6D7 /* WeatherApp_TangYuApp.swift in Sources */,
				8AAD68DF275474B800C11383 /* Models.swift in Sources */,
			);
			runOnlyForDeploymentPostprocessing = 0;
		};
		4AF6CFD3274ACE660027C6D7 /* Sources */ = {
			isa = PBXSourcesBuildPhase;
			buildActionMask = 2147483647;
			files = (
				4A8532902759776B000B57DC /* OOTD.swift in Sources */,
				4AF6CFF4274ACE660027C6D7 /* ContentView.swift in Sources */,
				4A853296275978DE000B57DC /* Forecast.swift in Sources */,
				8AAD68DD2754749D00C11383 /* ViewModels.swift in Sources */,
				4A85329327597889000B57DC /* MyCloset.swift in Sources */,
				4AF6CFF2274ACE660027C6D7 /* WeatherApp_TangYuApp.swift in Sources */,
				8AAD68E0275474B800C11383 /* Models.swift in Sources */,
			);
			runOnlyForDeploymentPostprocessing = 0;
		};
		4AF6CFDB274ACE660027C6D7 /* Sources */ = {
			isa = PBXSourcesBuildPhase;
			buildActionMask = 2147483647;
			files = (
				4AF6CFE4274ACE660027C6D7 /* Tests_iOS.swift in Sources */,
			);
			runOnlyForDeploymentPostprocessing = 0;
		};
		4AF6CFE6274ACE660027C6D7 /* Sources */ = {
			isa = PBXSourcesBuildPhase;
			buildActionMask = 2147483647;
			files = (
				4AF6CFEF274ACE660027C6D7 /* Tests_macOS.swift in Sources */,
			);
			runOnlyForDeploymentPostprocessing = 0;
		};
/* End PBXSourcesBuildPhase section */

/* Begin PBXTargetDependency section */
		4AF6CFE1274ACE660027C6D7 /* PBXTargetDependency */ = {
			isa = PBXTargetDependency;
			target = 4AF6CFCE274ACE660027C6D7 /* WeatherApp_TangYu (iOS) */;
			targetProxy = 4AF6CFE0274ACE660027C6D7 /* PBXContainerItemProxy */;
		};
		4AF6CFEC274ACE660027C6D7 /* PBXTargetDependency */ = {
			isa = PBXTargetDependency;
			target = 4AF6CFD6274ACE660027C6D7 /* WeatherApp_TangYu (macOS) */;
			targetProxy = 4AF6CFEB274ACE660027C6D7 /* PBXContainerItemProxy */;
		};
/* End PBXTargetDependency section */

/* Begin XCBuildConfiguration section */
		4AF6CFF7274ACE660027C6D7 /* Debug */ = {
			isa = XCBuildConfiguration;
			buildSettings = {
				ALWAYS_SEARCH_USER_PATHS = NO;
				CLANG_ANALYZER_NONNULL = YES;
				CLANG_ANALYZER_NUMBER_OBJECT_CONVERSION = YES_AGGRESSIVE;
				CLANG_CXX_LANGUAGE_STANDARD = "gnu++14";
				CLANG_CXX_LIBRARY = "libc++";
				CLANG_ENABLE_MODULES = YES;
				CLANG_ENABLE_OBJC_ARC = YES;
				CLANG_ENABLE_OBJC_WEAK = YES;
				CLANG_WARN_BLOCK_CAPTURE_AUTORELEASING = YES;
				CLANG_WARN_BOOL_CONVERSION = YES;
				CLANG_WARN_COMMA = YES;
				CLANG_WARN_CONSTANT_CONVERSION = YES;
				CLANG_WARN_DEPRECATED_OBJC_IMPLEMENTATIONS = YES;
				CLANG_WARN_DIRECT_OBJC_ISA_USAGE = YES_ERROR;
				CLANG_WARN_DOCUMENTATION_COMMENTS = YES;
				CLANG_WARN_EMPTY_BODY = YES;
				CLANG_WARN_ENUM_CONVERSION = YES;
				CLANG_WARN_INFINITE_RECURSION = YES;
				CLANG_WARN_INT_CONVERSION = YES;
				CLANG_WARN_NON_LITERAL_NULL_CONVERSION = YES;
				CLANG_WARN_OBJC_IMPLICIT_RETAIN_SELF = YES;
				CLANG_WARN_OBJC_LITERAL_CONVERSION = YES;
				CLANG_WARN_OBJC_ROOT_CLASS = YES_ERROR;
				CLANG_WARN_QUOTED_INCLUDE_IN_FRAMEWORK_HEADER = YES;
				CLANG_WARN_RANGE_LOOP_ANALYSIS = YES;
				CLANG_WARN_STRICT_PROTOTYPES = YES;
				CLANG_WARN_SUSPICIOUS_MOVE = YES;
				CLANG_WARN_UNGUARDED_AVAILABILITY = YES_AGGRESSIVE;
				CLANG_WARN_UNREACHABLE_CODE = YES;
				CLANG_WARN__DUPLICATE_METHOD_MATCH = YES;
				COPY_PHASE_STRIP = NO;
				DEBUG_INFORMATION_FORMAT = dwarf;
				ENABLE_STRICT_OBJC_MSGSEND = YES;
				ENABLE_TESTABILITY = YES;
				GCC_C_LANGUAGE_STANDARD = gnu11;
				GCC_DYNAMIC_NO_PIC = NO;
				GCC_NO_COMMON_BLOCKS = YES;
				GCC_OPTIMIZATION_LEVEL = 0;
				GCC_PREPROCESSOR_DEFINITIONS = (
					"DEBUG=1",
					"$(inherited)",
				);
				GCC_WARN_64_TO_32_BIT_CONVERSION = YES;
				GCC_WARN_ABOUT_RETURN_TYPE = YES_ERROR;
				GCC_WARN_UNDECLARED_SELECTOR = YES;
				GCC_WARN_UNINITIALIZED_AUTOS = YES_AGGRESSIVE;
				GCC_WARN_UNUSED_FUNCTION = YES;
				GCC_WARN_UNUSED_VARIABLE = YES;
				MTL_ENABLE_DEBUG_INFO = INCLUDE_SOURCE;
				MTL_FAST_MATH = YES;
				ONLY_ACTIVE_ARCH = YES;
				SWIFT_ACTIVE_COMPILATION_CONDITIONS = DEBUG;
				SWIFT_OPTIMIZATION_LEVEL = "-Onone";
			};
			name = Debug;
		};
		4AF6CFF8274ACE660027C6D7 /* Release */ = {
			isa = XCBuildConfiguration;
			buildSettings = {
				ALWAYS_SEARCH_USER_PATHS = NO;
				CLANG_ANALYZER_NONNULL = YES;
				CLANG_ANALYZER_NUMBER_OBJECT_CONVERSION = YES_AGGRESSIVE;
				CLANG_CXX_LANGUAGE_STANDARD = "gnu++14";
				CLANG_CXX_LIBRARY = "libc++";
				CLANG_ENABLE_MODULES = YES;
				CLANG_ENABLE_OBJC_ARC = YES;
				CLANG_ENABLE_OBJC_WEAK = YES;
				CLANG_WARN_BLOCK_CAPTURE_AUTORELEASING = YES;
				CLANG_WARN_BOOL_CONVERSION = YES;
				CLANG_WARN_COMMA = YES;
				CLANG_WARN_CONSTANT_CONVERSION = YES;
				CLANG_WARN_DEPRECATED_OBJC_IMPLEMENTATIONS = YES;
				CLANG_WARN_DIRECT_OBJC_ISA_USAGE = YES_ERROR;
				CLANG_WARN_DOCUMENTATION_COMMENTS = YES;
				CLANG_WARN_EMPTY_BODY = YES;
				CLANG_WARN_ENUM_CONVERSION = YES;
				CLANG_WARN_INFINITE_RECURSION = YES;
				CLANG_WARN_INT_CONVERSION = YES;
				CLANG_WARN_NON_LITERAL_NULL_CONVERSION = YES;
				CLANG_WARN_OBJC_IMPLICIT_RETAIN_SELF = YES;
				CLANG_WARN_OBJC_LITERAL_CONVERSION = YES;
				CLANG_WARN_OBJC_ROOT_CLASS = YES_ERROR;
				CLANG_WARN_QUOTED_INCLUDE_IN_FRAMEWORK_HEADER = YES;
				CLANG_WARN_RANGE_LOOP_ANALYSIS = YES;
				CLANG_WARN_STRICT_PROTOTYPES = YES;
				CLANG_WARN_SUSPICIOUS_MOVE = YES;
				CLANG_WARN_UNGUARDED_AVAILABILITY = YES_AGGRESSIVE;
				CLANG_WARN_UNREACHABLE_CODE = YES;
				CLANG_WARN__DUPLICATE_METHOD_MATCH = YES;
				COPY_PHASE_STRIP = NO;
				DEBUG_INFORMATION_FORMAT = "dwarf-with-dsym";
				ENABLE_NS_ASSERTIONS = NO;
				ENABLE_STRICT_OBJC_MSGSEND = YES;
				GCC_C_LANGUAGE_STANDARD = gnu11;
				GCC_NO_COMMON_BLOCKS = YES;
				GCC_WARN_64_TO_32_BIT_CONVERSION = YES;
				GCC_WARN_ABOUT_RETURN_TYPE = YES_ERROR;
				GCC_WARN_UNDECLARED_SELECTOR = YES;
				GCC_WARN_UNINITIALIZED_AUTOS = YES_AGGRESSIVE;
				GCC_WARN_UNUSED_FUNCTION = YES;
				GCC_WARN_UNUSED_VARIABLE = YES;
				MTL_ENABLE_DEBUG_INFO = NO;
				MTL_FAST_MATH = YES;
				SWIFT_COMPILATION_MODE = wholemodule;
				SWIFT_OPTIMIZATION_LEVEL = "-O";
			};
			name = Release;
		};
		4AF6CFFA274ACE660027C6D7 /* Debug */ = {
			isa = XCBuildConfiguration;
			buildSettings = {
				ASSETCATALOG_COMPILER_APPICON_NAME = AppIcon;
				ASSETCATALOG_COMPILER_GLOBAL_ACCENT_COLOR_NAME = AccentColor;
				CODE_SIGN_STYLE = Automatic;
				DEVELOPMENT_TEAM = F6PAN6CHMV;
				ENABLE_PREVIEWS = YES;
				INFOPLIST_FILE = iOS/Info.plist;
				IPHONEOS_DEPLOYMENT_TARGET = 14.0;
				LD_RUNPATH_SEARCH_PATHS = (
					"$(inherited)",
					"@executable_path/Frameworks",
				);
				PRODUCT_BUNDLE_IDENTIFIER = "Chapman.WeatherApp-TangYu";
				PRODUCT_NAME = WeatherApp_TangYu;
				SDKROOT = iphoneos;
				SWIFT_VERSION = 5.0;
				TARGETED_DEVICE_FAMILY = "1,2";
			};
			name = Debug;
		};
		4AF6CFFB274ACE660027C6D7 /* Release */ = {
			isa = XCBuildConfiguration;
			buildSettings = {
				ASSETCATALOG_COMPILER_APPICON_NAME = AppIcon;
				ASSETCATALOG_COMPILER_GLOBAL_ACCENT_COLOR_NAME = AccentColor;
				CODE_SIGN_STYLE = Automatic;
				DEVELOPMENT_TEAM = F6PAN6CHMV;
				ENABLE_PREVIEWS = YES;
				INFOPLIST_FILE = iOS/Info.plist;
				IPHONEOS_DEPLOYMENT_TARGET = 14.0;
				LD_RUNPATH_SEARCH_PATHS = (
					"$(inherited)",
					"@executable_path/Frameworks",
				);
				PRODUCT_BUNDLE_IDENTIFIER = "Chapman.WeatherApp-TangYu";
				PRODUCT_NAME = WeatherApp_TangYu;
				SDKROOT = iphoneos;
				SWIFT_VERSION = 5.0;
				TARGETED_DEVICE_FAMILY = "1,2";
				VALIDATE_PRODUCT = YES;
			};
			name = Release;
		};
		4AF6CFFD274ACE660027C6D7 /* Debug */ = {
			isa = XCBuildConfiguration;
			buildSettings = {
				ASSETCATALOG_COMPILER_APPICON_NAME = AppIcon;
				ASSETCATALOG_COMPILER_GLOBAL_ACCENT_COLOR_NAME = AccentColor;
				CODE_SIGN_ENTITLEMENTS = macOS/macOS.entitlements;
				CODE_SIGN_STYLE = Automatic;
				COMBINE_HIDPI_IMAGES = YES;
				DEVELOPMENT_TEAM = F6PAN6CHMV;
				ENABLE_HARDENED_RUNTIME = YES;
				ENABLE_PREVIEWS = YES;
				INFOPLIST_FILE = macOS/Info.plist;
				LD_RUNPATH_SEARCH_PATHS = (
					"$(inherited)",
					"@executable_path/../Frameworks",
				);
				MACOSX_DEPLOYMENT_TARGET = 11.0;
				PRODUCT_BUNDLE_IDENTIFIER = "Chapman.WeatherApp-TangYu";
				PRODUCT_NAME = WeatherApp_TangYu;
				SDKROOT = macosx;
				SWIFT_VERSION = 5.0;
			};
			name = Debug;
		};
		4AF6CFFE274ACE660027C6D7 /* Release */ = {
			isa = XCBuildConfiguration;
			buildSettings = {
				ASSETCATALOG_COMPILER_APPICON_NAME = AppIcon;
				ASSETCATALOG_COMPILER_GLOBAL_ACCENT_COLOR_NAME = AccentColor;
				CODE_SIGN_ENTITLEMENTS = macOS/macOS.entitlements;
				CODE_SIGN_STYLE = Automatic;
				COMBINE_HIDPI_IMAGES = YES;
				DEVELOPMENT_TEAM = F6PAN6CHMV;
				ENABLE_HARDENED_RUNTIME = YES;
				ENABLE_PREVIEWS = YES;
				INFOPLIST_FILE = macOS/Info.plist;
				LD_RUNPATH_SEARCH_PATHS = (
					"$(inherited)",
					"@executable_path/../Frameworks",
				);
				MACOSX_DEPLOYMENT_TARGET = 11.0;
				PRODUCT_BUNDLE_IDENTIFIER = "Chapman.WeatherApp-TangYu";
				PRODUCT_NAME = WeatherApp_TangYu;
				SDKROOT = macosx;
				SWIFT_VERSION = 5.0;
			};
			name = Release;
		};
		4AF6D000274ACE660027C6D7 /* Debug */ = {
			isa = XCBuildConfiguration;
			buildSettings = {
				ALWAYS_EMBED_SWIFT_STANDARD_LIBRARIES = YES;
				CODE_SIGN_STYLE = Automatic;
				DEVELOPMENT_TEAM = F6PAN6CHMV;
				INFOPLIST_FILE = "Tests iOS/Info.plist";
				IPHONEOS_DEPLOYMENT_TARGET = 14.5;
				LD_RUNPATH_SEARCH_PATHS = (
					"$(inherited)",
					"@executable_path/Frameworks",
					"@loader_path/Frameworks",
				);
				PRODUCT_BUNDLE_IDENTIFIER = "Chapman.Tests-iOS";
				PRODUCT_NAME = "$(TARGET_NAME)";
				SDKROOT = iphoneos;
				SWIFT_VERSION = 5.0;
				TARGETED_DEVICE_FAMILY = "1,2";
				TEST_TARGET_NAME = "WeatherApp_TangYu (iOS)";
			};
			name = Debug;
		};
		4AF6D001274ACE660027C6D7 /* Release */ = {
			isa = XCBuildConfiguration;
			buildSettings = {
				ALWAYS_EMBED_SWIFT_STANDARD_LIBRARIES = YES;
				CODE_SIGN_STYLE = Automatic;
				DEVELOPMENT_TEAM = F6PAN6CHMV;
				INFOPLIST_FILE = "Tests iOS/Info.plist";
				IPHONEOS_DEPLOYMENT_TARGET = 14.5;
				LD_RUNPATH_SEARCH_PATHS = (
					"$(inherited)",
					"@executable_path/Frameworks",
					"@loader_path/Frameworks",
				);
				PRODUCT_BUNDLE_IDENTIFIER = "Chapman.Tests-iOS";
				PRODUCT_NAME = "$(TARGET_NAME)";
				SDKROOT = iphoneos;
				SWIFT_VERSION = 5.0;
				TARGETED_DEVICE_FAMILY = "1,2";
				TEST_TARGET_NAME = "WeatherApp_TangYu (iOS)";
				VALIDATE_PRODUCT = YES;
			};
			name = Release;
		};
		4AF6D003274ACE660027C6D7 /* Debug */ = {
			isa = XCBuildConfiguration;
			buildSettings = {
				ALWAYS_EMBED_SWIFT_STANDARD_LIBRARIES = YES;
				CODE_SIGN_STYLE = Automatic;
				COMBINE_HIDPI_IMAGES = YES;
				DEVELOPMENT_TEAM = F6PAN6CHMV;
				INFOPLIST_FILE = "Tests macOS/Info.plist";
				LD_RUNPATH_SEARCH_PATHS = (
					"$(inherited)",
					"@executable_path/../Frameworks",
					"@loader_path/../Frameworks",
				);
				MACOSX_DEPLOYMENT_TARGET = 11.3;
				PRODUCT_BUNDLE_IDENTIFIER = "Chapman.Tests-macOS";
				PRODUCT_NAME = "$(TARGET_NAME)";
				SDKROOT = macosx;
				SWIFT_VERSION = 5.0;
				TEST_TARGET_NAME = "WeatherApp_TangYu (macOS)";
			};
			name = Debug;
		};
		4AF6D004274ACE660027C6D7 /* Release */ = {
			isa = XCBuildConfiguration;
			buildSettings = {
				ALWAYS_EMBED_SWIFT_STANDARD_LIBRARIES = YES;
				CODE_SIGN_STYLE = Automatic;
				COMBINE_HIDPI_IMAGES = YES;
				DEVELOPMENT_TEAM = F6PAN6CHMV;
				INFOPLIST_FILE = "Tests macOS/Info.plist";
				LD_RUNPATH_SEARCH_PATHS = (
					"$(inherited)",
					"@executable_path/../Frameworks",
					"@loader_path/../Frameworks",
				);
				MACOSX_DEPLOYMENT_TARGET = 11.3;
				PRODUCT_BUNDLE_IDENTIFIER = "Chapman.Tests-macOS";
				PRODUCT_NAME = "$(TARGET_NAME)";
				SDKROOT = macosx;
				SWIFT_VERSION = 5.0;
				TEST_TARGET_NAME = "WeatherApp_TangYu (macOS)";
			};
			name = Release;
		};
/* End XCBuildConfiguration section */

/* Begin XCConfigurationList section */
		4AF6CFC6274ACE620027C6D7 /* Build configuration list for PBXProject "WeatherApp_TangYu" */ = {
			isa = XCConfigurationList;
			buildConfigurations = (
				4AF6CFF7274ACE660027C6D7 /* Debug */,
				4AF6CFF8274ACE660027C6D7 /* Release */,
			);
			defaultConfigurationIsVisible = 0;
			defaultConfigurationName = Release;
		};
		4AF6CFF9274ACE660027C6D7 /* Build configuration list for PBXNativeTarget "WeatherApp_TangYu (iOS)" */ = {
			isa = XCConfigurationList;
			buildConfigurations = (
				4AF6CFFA274ACE660027C6D7 /* Debug */,
				4AF6CFFB274ACE660027C6D7 /* Release */,
			);
			defaultConfigurationIsVisible = 0;
			defaultConfigurationName = Release;
		};
		4AF6CFFC274ACE660027C6D7 /* Build configuration list for PBXNativeTarget "WeatherApp_TangYu (macOS)" */ = {
			isa = XCConfigurationList;
			buildConfigurations = (
				4AF6CFFD274ACE660027C6D7 /* Debug */,
				4AF6CFFE274ACE660027C6D7 /* Release */,
			);
			defaultConfigurationIsVisible = 0;
			defaultConfigurationName = Release;
		};
		4AF6CFFF274ACE660027C6D7 /* Build configuration list for PBXNativeTarget "Tests iOS" */ = {
			isa = XCConfigurationList;
			buildConfigurations = (
				4AF6D000274ACE660027C6D7 /* Debug */,
				4AF6D001274ACE660027C6D7 /* Release */,
			);
			defaultConfigurationIsVisible = 0;
			defaultConfigurationName = Release;
		};
		4AF6D002274ACE660027C6D7 /* Build configuration list for PBXNativeTarget "Tests macOS" */ = {
			isa = XCConfigurationList;
			buildConfigurations = (
				4AF6D003274ACE660027C6D7 /* Debug */,
				4AF6D004274ACE660027C6D7 /* Release */,
			);
			defaultConfigurationIsVisible = 0;
			defaultConfigurationName = Release;
		};
/* End XCConfigurationList section */
	};
	rootObject = 4AF6CFC3274ACE620027C6D7 /* Project object */;
}
